{
  "version": 4,
  "terraform_version": "1.6.3",
  "serial": 1963,
  "lineage": "23b9a6a5-7441-71d7-9e7b-c76a9222b9cc",
  "outputs": {
    "aaep": {
      "value": {
        "mark_aaep": {
          "aaep": "mark_aaep",
          "attached_domain": "markacidomain"
        }
      },
      "type": [
        "object",
        {
          "mark_aaep": [
            "object",
            {
              "aaep": "string",
              "attached_domain": "string"
            }
          ]
        }
      ]
    },
    "app_profile_details": {
      "value": {
        "ap_dmz": {
          "app_profile": "ap_dmz",
          "app_profile_tenant": "network_centric"
        },
        "ap_lan": {
          "app_profile": "ap_lan",
          "app_profile_tenant": "network_centric"
        }
      },
      "type": [
        "object",
        {
          "ap_dmz": [
            "object",
            {
              "app_profile": "string",
              "app_profile_tenant": "string"
            }
          ],
          "ap_lan": [
            "object",
            {
              "app_profile": "string",
              "app_profile_tenant": "string"
            }
          ]
        }
      ]
    },
    "bd_details": {
      "value": {
        "bd_vlan100_10.20.100.0_24_prd_usr": {
          "bd": "bd_vlan100_10.20.100.0_24_prd_usr",
          "bd_description": "None",
          "bd_tenant_name": "common",
          "bd_vrf": "lan"
        },
        "bd_vlan14_10.20.2.0_24_prd_wf": {
          "bd": "bd_vlan14_10.20.2.0_24_prd_wf",
          "bd_description": "This 1st bridge domain is created by the Terraform ACI provider",
          "bd_tenant_name": "common",
          "bd_vrf": "lan"
        },
        "bd_vlan15_10.20.6.0_24_prd_wf": {
          "bd": "bd_vlan15_10.20.6.0_24_prd_wf",
          "bd_description": "This 2nd  bridge domain is created by the Terraform ACI provider",
          "bd_tenant_name": "common",
          "bd_vrf": "lan"
        },
        "bd_vlan17_10.20.7.0_24_prd_mw": {
          "bd": "bd_vlan17_10.20.7.0_24_prd_mw",
          "bd_description": "This 3rd  bridge domain is created by the Terraform ACI provider",
          "bd_tenant_name": "common",
          "bd_vrf": "lan"
        },
        "bd_vlan18_10.20.3.0_24_prd_mw": {
          "bd": "bd_vlan18_10.20.3.0_24_prd_mw",
          "bd_description": "This 4th  bridge domain is created by the Terraform ACI provider",
          "bd_tenant_name": "common",
          "bd_vrf": "lan"
        },
        "bd_vlan25_10.20.4.0_25_prd_lan": {
          "bd": "bd_vlan25_10.20.4.0_25_prd_lan",
          "bd_description": "This 5th  bridge domain is created by the Terraform ACI provider",
          "bd_tenant_name": "common",
          "bd_vrf": "lan"
        },
        "bd_vlan47_10.20.70.0_24_prd_hs": {
          "bd": "bd_vlan47_10.20.70.0_24_prd_hs",
          "bd_description": "This 6th  bridge domain is created by the Terraform ACI provider",
          "bd_tenant_name": "common",
          "bd_vrf": "lan"
        },
        "bd_vlan49_10.30.70.0_24_tda_hs": {
          "bd": "bd_vlan49_10.30.70.0_24_tda_hs",
          "bd_description": "This 7th  bridge domain is created by the Terraform ACI provider",
          "bd_tenant_name": "common",
          "bd_vrf": "lan"
        },
        "bd_vlan51_10.30.80.0_24_tda_hs": {
          "bd": "bd_vlan51_10.30.80.0_24_tda_hs",
          "bd_description": "dmz1",
          "bd_tenant_name": "common",
          "bd_vrf": "lan"
        },
        "bd_vlan64_10.20.64.0_24_admin_mgmt": {
          "bd": "bd_vlan64_10.20.64.0_24_admin_mgmt",
          "bd_description": "dmz2_",
          "bd_tenant_name": "common",
          "bd_vrf": "lan"
        }
      },
      "type": [
        "object",
        {
          "bd_vlan100_10.20.100.0_24_prd_usr": [
            "object",
            {
              "bd": "string",
              "bd_description": "string",
              "bd_tenant_name": "string",
              "bd_vrf": "string"
            }
          ],
          "bd_vlan14_10.20.2.0_24_prd_wf": [
            "object",
            {
              "bd": "string",
              "bd_description": "string",
              "bd_tenant_name": "string",
              "bd_vrf": "string"
            }
          ],
          "bd_vlan15_10.20.6.0_24_prd_wf": [
            "object",
            {
              "bd": "string",
              "bd_description": "string",
              "bd_tenant_name": "string",
              "bd_vrf": "string"
            }
          ],
          "bd_vlan17_10.20.7.0_24_prd_mw": [
            "object",
            {
              "bd": "string",
              "bd_description": "string",
              "bd_tenant_name": "string",
              "bd_vrf": "string"
            }
          ],
          "bd_vlan18_10.20.3.0_24_prd_mw": [
            "object",
            {
              "bd": "string",
              "bd_description": "string",
              "bd_tenant_name": "string",
              "bd_vrf": "string"
            }
          ],
          "bd_vlan25_10.20.4.0_25_prd_lan": [
            "object",
            {
              "bd": "string",
              "bd_description": "string",
              "bd_tenant_name": "string",
              "bd_vrf": "string"
            }
          ],
          "bd_vlan47_10.20.70.0_24_prd_hs": [
            "object",
            {
              "bd": "string",
              "bd_description": "string",
              "bd_tenant_name": "string",
              "bd_vrf": "string"
            }
          ],
          "bd_vlan49_10.30.70.0_24_tda_hs": [
            "object",
            {
              "bd": "string",
              "bd_description": "string",
              "bd_tenant_name": "string",
              "bd_vrf": "string"
            }
          ],
          "bd_vlan51_10.30.80.0_24_tda_hs": [
            "object",
            {
              "bd": "string",
              "bd_description": "string",
              "bd_tenant_name": "string",
              "bd_vrf": "string"
            }
          ],
          "bd_vlan64_10.20.64.0_24_admin_mgmt": [
            "object",
            {
              "bd": "string",
              "bd_description": "string",
              "bd_tenant_name": "string",
              "bd_vrf": "string"
            }
          ]
        }
      ]
    },
    "bridge_domain_dns": {
      "value": [
        "uni/tn-common/ctx-lan",
        "uni/tn-common/ctx-lan",
        "uni/tn-common/ctx-lan",
        "uni/tn-common/ctx-lan",
        "uni/tn-common/ctx-lan",
        "uni/tn-common/ctx-lan",
        "uni/tn-common/ctx-lan",
        "uni/tn-common/ctx-lan",
        "uni/tn-common/ctx-lan",
        "uni/tn-common/ctx-lan"
      ],
      "type": [
        "tuple",
        [
          "string",
          "string",
          "string",
          "string",
          "string",
          "string",
          "string",
          "string",
          "string",
          "string"
        ]
      ]
    },
    "cdp_policy_details": {
      "value": {
        "cdp_mark_disabled": {
          "admin_state": "disabled",
          "cdp_policy": "cdp_mark_disabled",
          "description": "cdp_disabled"
        },
        "cdp_mark_enabled": {
          "admin_state": "enabled",
          "cdp_policy": "cdp_mark_enabled",
          "description": "cdp_enabled"
        }
      },
      "type": [
        "object",
        {
          "cdp_mark_disabled": [
            "object",
            {
              "admin_state": "string",
              "cdp_policy": "string",
              "description": "string"
            }
          ],
          "cdp_mark_enabled": [
            "object",
            {
              "admin_state": "string",
              "cdp_policy": "string",
              "description": "string"
            }
          ]
        }
      ]
    },
    "epg_details": {
      "value": {
        "epg_vlan100_10.20.100.0_24_prd_usr": {
          "epg": "epg_vlan100_10.20.100.0_24_prd_usr",
          "epg_map_to_app_profile": "ap_lan",
          "epg_map_to_bd": "bd_vlan100_10.20.100.0_24_prd_usr",
          "epg_map_to_bd_tenant": "common",
          "epg_tenant": "network_centric"
        },
        "epg_vlan14_10.20.2.0_24_prd_wf": {
          "epg": "epg_vlan14_10.20.2.0_24_prd_wf",
          "epg_map_to_app_profile": "ap_lan",
          "epg_map_to_bd": "bd_vlan14_10.20.2.0_24_prd_wf",
          "epg_map_to_bd_tenant": "common",
          "epg_tenant": "network_centric"
        },
        "epg_vlan15_10.20.6.0_24_prd_wf": {
          "epg": "epg_vlan15_10.20.6.0_24_prd_wf",
          "epg_map_to_app_profile": "ap_lan",
          "epg_map_to_bd": "bd_vlan14_10.20.2.0_24_prd_wf",
          "epg_map_to_bd_tenant": "common",
          "epg_tenant": "network_centric"
        },
        "epg_vlan17_10.20.7.0_24_prd_mw": {
          "epg": "epg_vlan17_10.20.7.0_24_prd_mw",
          "epg_map_to_app_profile": "ap_lan",
          "epg_map_to_bd": "bd_vlan17_10.20.7.0_24_prd_mw",
          "epg_map_to_bd_tenant": "common",
          "epg_tenant": "network_centric"
        },
        "epg_vlan18_10.20.3.0_24_prd_mw": {
          "epg": "epg_vlan18_10.20.3.0_24_prd_mw",
          "epg_map_to_app_profile": "ap_lan",
          "epg_map_to_bd": "bd_vlan18_10.20.3.0_24_prd_mw",
          "epg_map_to_bd_tenant": "common",
          "epg_tenant": "network_centric"
        },
        "epg_vlan25_10.20.4.0_25_prd_lan": {
          "epg": "epg_vlan25_10.20.4.0_25_prd_lan",
          "epg_map_to_app_profile": "ap_lan",
          "epg_map_to_bd": "bd_vlan25_10.20.4.0_25_prd_lan",
          "epg_map_to_bd_tenant": "common",
          "epg_tenant": "network_centric"
        },
        "epg_vlan47_10.20.70.0_24_prd_hs": {
          "epg": "epg_vlan47_10.20.70.0_24_prd_hs",
          "epg_map_to_app_profile": "ap_lan",
          "epg_map_to_bd": "bd_vlan47_10.20.70.0_24_prd_hs",
          "epg_map_to_bd_tenant": "common",
          "epg_tenant": "network_centric"
        },
        "epg_vlan49_10.30.70.0_24_tda_hs": {
          "epg": "epg_vlan49_10.30.70.0_24_tda_hs",
          "epg_map_to_app_profile": "ap_lan",
          "epg_map_to_bd": "bd_vlan49_10.30.70.0_24_tda_hs",
          "epg_map_to_bd_tenant": "common",
          "epg_tenant": "network_centric"
        },
        "epg_vlan51_10.30.80.0_24_tda_hs": {
          "epg": "epg_vlan51_10.30.80.0_24_tda_hs",
          "epg_map_to_app_profile": "ap_lan",
          "epg_map_to_bd": "bd_vlan51_10.30.80.0_24_tda_hs",
          "epg_map_to_bd_tenant": "common",
          "epg_tenant": "network_centric"
        },
        "epg_vlan64_10.20.64.0_24_admin_mgmt": {
          "epg": "epg_vlan64_10.20.64.0_24_admin_mgmt",
          "epg_map_to_app_profile": "ap_lan",
          "epg_map_to_bd": "bd_vlan64_10.20.64.0_24_admin_mgmt",
          "epg_map_to_bd_tenant": "common",
          "epg_tenant": "network_centric"
        }
      },
      "type": [
        "object",
        {
          "epg_vlan100_10.20.100.0_24_prd_usr": [
            "object",
            {
              "epg": "string",
              "epg_map_to_app_profile": "string",
              "epg_map_to_bd": "string",
              "epg_map_to_bd_tenant": "string",
              "epg_tenant": "string"
            }
          ],
          "epg_vlan14_10.20.2.0_24_prd_wf": [
            "object",
            {
              "epg": "string",
              "epg_map_to_app_profile": "string",
              "epg_map_to_bd": "string",
              "epg_map_to_bd_tenant": "string",
              "epg_tenant": "string"
            }
          ],
          "epg_vlan15_10.20.6.0_24_prd_wf": [
            "object",
            {
              "epg": "string",
              "epg_map_to_app_profile": "string",
              "epg_map_to_bd": "string",
              "epg_map_to_bd_tenant": "string",
              "epg_tenant": "string"
            }
          ],
          "epg_vlan17_10.20.7.0_24_prd_mw": [
            "object",
            {
              "epg": "string",
              "epg_map_to_app_profile": "string",
              "epg_map_to_bd": "string",
              "epg_map_to_bd_tenant": "string",
              "epg_tenant": "string"
            }
          ],
          "epg_vlan18_10.20.3.0_24_prd_mw": [
            "object",
            {
              "epg": "string",
              "epg_map_to_app_profile": "string",
              "epg_map_to_bd": "string",
              "epg_map_to_bd_tenant": "string",
              "epg_tenant": "string"
            }
          ],
          "epg_vlan25_10.20.4.0_25_prd_lan": [
            "object",
            {
              "epg": "string",
              "epg_map_to_app_profile": "string",
              "epg_map_to_bd": "string",
              "epg_map_to_bd_tenant": "string",
              "epg_tenant": "string"
            }
          ],
          "epg_vlan47_10.20.70.0_24_prd_hs": [
            "object",
            {
              "epg": "string",
              "epg_map_to_app_profile": "string",
              "epg_map_to_bd": "string",
              "epg_map_to_bd_tenant": "string",
              "epg_tenant": "string"
            }
          ],
          "epg_vlan49_10.30.70.0_24_tda_hs": [
            "object",
            {
              "epg": "string",
              "epg_map_to_app_profile": "string",
              "epg_map_to_bd": "string",
              "epg_map_to_bd_tenant": "string",
              "epg_tenant": "string"
            }
          ],
          "epg_vlan51_10.30.80.0_24_tda_hs": [
            "object",
            {
              "epg": "string",
              "epg_map_to_app_profile": "string",
              "epg_map_to_bd": "string",
              "epg_map_to_bd_tenant": "string",
              "epg_tenant": "string"
            }
          ],
          "epg_vlan64_10.20.64.0_24_admin_mgmt": [
            "object",
            {
              "epg": "string",
              "epg_map_to_app_profile": "string",
              "epg_map_to_bd": "string",
              "epg_map_to_bd_tenant": "string",
              "epg_tenant": "string"
            }
          ]
        }
      ]
    },
    "lacp_policy_details": {
      "value": {
        "lacp_mark_active": {
          "description": "lacp_enabled",
          "lacp_policy": "lacp_mark_active",
          "max_links": 16,
          "min_links": 1,
          "mode": "active"
        }
      },
      "type": [
        "object",
        {
          "lacp_mark_active": [
            "object",
            {
              "description": "string",
              "lacp_policy": "string",
              "max_links": "number",
              "min_links": "number",
              "mode": "string"
            }
          ]
        }
      ]
    },
    "link_level_policy_details": {
      "value": {
        "link_100G": {
          "autoneg": "on",
          "description": "100Gps",
          "fec": "inherit",
          "link_level_policy": "link_100G",
          "linkdebounce": 100,
          "speed": "100G"
        },
        "link_100M": {
          "autoneg": "on",
          "description": "100Mbps",
          "fec": "inherit",
          "link_level_policy": "link_100M",
          "linkdebounce": 100,
          "speed": "100M"
        },
        "link_10G": {
          "autoneg": "on",
          "description": "10Gbps",
          "fec": "inherit",
          "link_level_policy": "link_10G",
          "linkdebounce": 100,
          "speed": "10G"
        },
        "link_1G": {
          "autoneg": "on",
          "description": "1Gbps",
          "fec": "inherit",
          "link_level_policy": "link_1G",
          "linkdebounce": 100,
          "speed": "1G"
        },
        "link_25G": {
          "autoneg": "on",
          "description": "25Gbps",
          "fec": "inherit",
          "link_level_policy": "link_25G",
          "linkdebounce": 100,
          "speed": "25G"
        },
        "link_40G": {
          "autoneg": "on",
          "description": "40Gbps",
          "fec": "inherit",
          "link_level_policy": "link_40G",
          "linkdebounce": 100,
          "speed": "40G"
        }
      },
      "type": [
        "object",
        {
          "link_100G": [
            "object",
            {
              "autoneg": "string",
              "description": "string",
              "fec": "string",
              "link_level_policy": "string",
              "linkdebounce": "number",
              "speed": "string"
            }
          ],
          "link_100M": [
            "object",
            {
              "autoneg": "string",
              "description": "string",
              "fec": "string",
              "link_level_policy": "string",
              "linkdebounce": "number",
              "speed": "string"
            }
          ],
          "link_10G": [
            "object",
            {
              "autoneg": "string",
              "description": "string",
              "fec": "string",
              "link_level_policy": "string",
              "linkdebounce": "number",
              "speed": "string"
            }
          ],
          "link_1G": [
            "object",
            {
              "autoneg": "string",
              "description": "string",
              "fec": "string",
              "link_level_policy": "string",
              "linkdebounce": "number",
              "speed": "string"
            }
          ],
          "link_25G": [
            "object",
            {
              "autoneg": "string",
              "description": "string",
              "fec": "string",
              "link_level_policy": "string",
              "linkdebounce": "number",
              "speed": "string"
            }
          ],
          "link_40G": [
            "object",
            {
              "autoneg": "string",
              "description": "string",
              "fec": "string",
              "link_level_policy": "string",
              "linkdebounce": "number",
              "speed": "string"
            }
          ]
        }
      ]
    },
    "lldp_policy_details": {
      "value": {
        "lldp_disabled": {
          "description": "lldp TX and RX off",
          "lldp_policy": "lldp_disabled",
          "receive": "disabled",
          "transmit": "disabled"
        },
        "lldp_enabled": {
          "description": "lldp TX and RX on",
          "lldp_policy": "lldp_enabled",
          "receive": "enabled",
          "transmit": "enabled"
        }
      },
      "type": [
        "object",
        {
          "lldp_disabled": [
            "object",
            {
              "description": "string",
              "lldp_policy": "string",
              "receive": "string",
              "transmit": "string"
            }
          ],
          "lldp_enabled": [
            "object",
            {
              "description": "string",
              "lldp_policy": "string",
              "receive": "string",
              "transmit": "string"
            }
          ]
        }
      ]
    },
    "physical_domain_details": {
      "value": {
        "markacidomain": {
          "mode": "static",
          "physical_domain": "markacidomain",
          "vlan_pool_name": "mark_pool"
        }
      },
      "type": [
        "object",
        {
          "markacidomain": [
            "object",
            {
              "mode": "string",
              "physical_domain": "string",
              "vlan_pool_name": "string"
            }
          ]
        }
      ]
    },
    "subnet_details": {
      "value": {
        "10.1.1.3/24": {
          "subnet": "10.1.1.3/24",
          "subnet_bd": "bd_vlan14_10.20.2.0_24_prd_wf",
          "subnet_description": "This aci subnet is created by Terraform",
          "subnet_scope": "private",
          "subnet_tn_name": "common"
        }
      },
      "type": [
        "object",
        {
          "10.1.1.3/24": [
            "object",
            {
              "subnet": "string",
              "subnet_bd": "string",
              "subnet_description": "string",
              "subnet_scope": "string",
              "subnet_tn_name": "string"
            }
          ]
        }
      ]
    },
    "tenant_details": {
      "value": {
        "network_centric": {
          "description": "This bridge domain is created by the Terraform ACI provider1",
          "tenant": "network_centric"
        }
      },
      "type": [
        "object",
        {
          "network_centric": [
            "object",
            {
              "description": "string",
              "tenant": "string"
            }
          ]
        }
      ]
    },
    "vlan_pool_details": {
      "value": {
        "mark_pool": {
          "allocation_mode": "static",
          "range_from": "vlan-1024",
          "range_to": "vlan-1034",
          "vlan_pool": "mark_pool"
        }
      },
      "type": [
        "object",
        {
          "mark_pool": [
            "object",
            {
              "allocation_mode": "string",
              "range_from": "string",
              "range_to": "string",
              "vlan_pool": "string"
            }
          ]
        }
      ]
    },
    "vrf_details": {
      "value": {
        "dmz": {
          "vrf": "dmz",
          "vrf_tenant": "common"
        },
        "lan": {
          "vrf": "lan",
          "vrf_tenant": "common"
        }
      },
      "type": [
        "object",
        {
          "dmz": [
            "object",
            {
              "vrf": "string",
              "vrf_tenant": "string"
            }
          ],
          "lan": [
            "object",
            {
              "vrf": "string",
              "vrf_tenant": "string"
            }
          ]
        }
      ]
    },
    "yaml_bd_content": {
      "value": {
        "bd": [
          {
            "bd": "bd_vlan14_10.20.2.0_24_prd_wf",
            "bd_description": "This 1st bridge domain is created by the Terraform ACI provider",
            "bd_tenant_name": "common",
            "bd_vrf": "lan"
          },
          {
            "bd": "bd_vlan15_10.20.6.0_24_prd_wf",
            "bd_description": "This 2nd  bridge domain is created by the Terraform ACI provider",
            "bd_tenant_name": "common",
            "bd_vrf": "lan"
          },
          {
            "bd": "bd_vlan17_10.20.7.0_24_prd_mw",
            "bd_description": "This 3rd  bridge domain is created by the Terraform ACI provider",
            "bd_tenant_name": "common",
            "bd_vrf": "lan"
          },
          {
            "bd": "bd_vlan18_10.20.3.0_24_prd_mw",
            "bd_description": "This 4th  bridge domain is created by the Terraform ACI provider",
            "bd_tenant_name": "common",
            "bd_vrf": "lan"
          },
          {
            "bd": "bd_vlan25_10.20.4.0_25_prd_lan",
            "bd_description": "This 5th  bridge domain is created by the Terraform ACI provider",
            "bd_tenant_name": "common",
            "bd_vrf": "lan"
          },
          {
            "bd": "bd_vlan47_10.20.70.0_24_prd_hs",
            "bd_description": "This 6th  bridge domain is created by the Terraform ACI provider",
            "bd_tenant_name": "common",
            "bd_vrf": "lan"
          },
          {
            "bd": "bd_vlan49_10.30.70.0_24_tda_hs",
            "bd_description": "This 7th  bridge domain is created by the Terraform ACI provider",
            "bd_tenant_name": "common",
            "bd_vrf": "lan"
          },
          {
            "bd": "bd_vlan51_10.30.80.0_24_tda_hs",
            "bd_description": "dmz1",
            "bd_tenant_name": "common",
            "bd_vrf": "lan"
          },
          {
            "bd": "bd_vlan64_10.20.64.0_24_admin_mgmt",
            "bd_description": "dmz2_",
            "bd_tenant_name": "common",
            "bd_vrf": "lan"
          },
          {
            "bd": "bd_vlan100_10.20.100.0_24_prd_usr",
            "bd_description": "None",
            "bd_tenant_name": "common",
            "bd_vrf": "lan"
          }
        ]
      },
      "type": [
        "object",
        {
          "bd": [
            "tuple",
            [
              [
                "object",
                {
                  "bd": "string",
                  "bd_description": "string",
                  "bd_tenant_name": "string",
                  "bd_vrf": "string"
                }
              ],
              [
                "object",
                {
                  "bd": "string",
                  "bd_description": "string",
                  "bd_tenant_name": "string",
                  "bd_vrf": "string"
                }
              ],
              [
                "object",
                {
                  "bd": "string",
                  "bd_description": "string",
                  "bd_tenant_name": "string",
                  "bd_vrf": "string"
                }
              ],
              [
                "object",
                {
                  "bd": "string",
                  "bd_description": "string",
                  "bd_tenant_name": "string",
                  "bd_vrf": "string"
                }
              ],
              [
                "object",
                {
                  "bd": "string",
                  "bd_description": "string",
                  "bd_tenant_name": "string",
                  "bd_vrf": "string"
                }
              ],
              [
                "object",
                {
                  "bd": "string",
                  "bd_description": "string",
                  "bd_tenant_name": "string",
                  "bd_vrf": "string"
                }
              ],
              [
                "object",
                {
                  "bd": "string",
                  "bd_description": "string",
                  "bd_tenant_name": "string",
                  "bd_vrf": "string"
                }
              ],
              [
                "object",
                {
                  "bd": "string",
                  "bd_description": "string",
                  "bd_tenant_name": "string",
                  "bd_vrf": "string"
                }
              ],
              [
                "object",
                {
                  "bd": "string",
                  "bd_description": "string",
                  "bd_tenant_name": "string",
                  "bd_vrf": "string"
                }
              ],
              [
                "object",
                {
                  "bd": "string",
                  "bd_description": "string",
                  "bd_tenant_name": "string",
                  "bd_vrf": "string"
                }
              ]
            ]
          ]
        }
      ]
    }
  },
  "resources": [
    {
      "mode": "managed",
      "type": "aci_aaep_to_domain",
      "name": "aaeptodomain",
      "provider": "provider[\"registry.terraform.io/ciscodevnet/aci\"]",
      "instances": [
        {
          "index_key": "mark_aaep",
          "schema_version": 1,
          "attributes": {
            "annotation": "orchestrator:terraform",
            "attachable_access_entity_profile_dn": "uni/infra/attentp-mark_aaep",
            "description": null,
            "domain_dn": "uni/phys-markacidomain",
            "id": "uni/infra/attentp-mark_aaep/rsdomP-[uni/phys-markacidomain]"
          },
          "sensitive_attributes": [],
          "private": "eyJzY2hlbWFfdmVyc2lvbiI6IjEifQ==",
          "dependencies": [
            "aci_attachable_access_entity_profile.aaep",
            "aci_physical_domain.phys_domain",
            "aci_vlan_pool.vlan_pool"
          ]
        }
      ]
    },
    {
      "mode": "managed",
      "type": "aci_application_epg",
      "name": "epgs",
      "provider": "provider[\"registry.terraform.io/ciscodevnet/aci\"]",
      "instances": [
        {
          "index_key": "epg_vlan100_10.20.100.0_24_prd_usr",
          "schema_version": 1,
          "attributes": {
            "annotation": "orchestrator:terraform",
            "application_profile_dn": "uni/tn-network_centric/ap-ap_lan",
            "description": "",
            "exception_tag": "",
            "flood_on_encap": "disabled",
            "fwd_ctrl": "none",
            "has_mcast_source": "no",
            "id": "uni/tn-network_centric/ap-ap_lan/epg-epg_vlan100_10.20.100.0_24_prd_usr",
            "is_attr_based_epg": "no",
            "match_t": "AtleastOne",
            "name": "epg_vlan100_10.20.100.0_24_prd_usr",
            "name_alias": "",
            "pc_enf_pref": "unenforced",
            "pref_gr_memb": "exclude",
            "prio": "unspecified",
            "relation_fv_rs_aepg_mon_pol": "",
            "relation_fv_rs_bd": "uni/tn-common/BD-bd_vlan100_10.20.100.0_24_prd_usr",
            "relation_fv_rs_cons": null,
            "relation_fv_rs_cons_if": null,
            "relation_fv_rs_cust_qos_pol": "",
            "relation_fv_rs_dpp_pol": "",
            "relation_fv_rs_fc_path_att": null,
            "relation_fv_rs_intra_epg": null,
            "relation_fv_rs_node_att": [],
            "relation_fv_rs_path_att": null,
            "relation_fv_rs_prot_by": null,
            "relation_fv_rs_prov": null,
            "relation_fv_rs_prov_def": null,
            "relation_fv_rs_sec_inherited": null,
            "relation_fv_rs_trust_ctrl": "",
            "shutdown": "no"
          },
          "sensitive_attributes": [],
          "private": "eyJzY2hlbWFfdmVyc2lvbiI6IjEifQ==",
          "dependencies": [
            "aci_application_profile.app_profiles",
            "aci_bridge_domain.bridge_domains",
            "aci_tenant.tenants",
            "aci_vrf.vrfs"
          ]
        },
        {
          "index_key": "epg_vlan14_10.20.2.0_24_prd_wf",
          "schema_version": 1,
          "attributes": {
            "annotation": "orchestrator:terraform",
            "application_profile_dn": "uni/tn-network_centric/ap-ap_lan",
            "description": "",
            "exception_tag": "",
            "flood_on_encap": "disabled",
            "fwd_ctrl": "none",
            "has_mcast_source": "no",
            "id": "uni/tn-network_centric/ap-ap_lan/epg-epg_vlan14_10.20.2.0_24_prd_wf",
            "is_attr_based_epg": "no",
            "match_t": "AtleastOne",
            "name": "epg_vlan14_10.20.2.0_24_prd_wf",
            "name_alias": "",
            "pc_enf_pref": "unenforced",
            "pref_gr_memb": "exclude",
            "prio": "unspecified",
            "relation_fv_rs_aepg_mon_pol": "",
            "relation_fv_rs_bd": "uni/tn-common/BD-bd_vlan14_10.20.2.0_24_prd_wf",
            "relation_fv_rs_cons": null,
            "relation_fv_rs_cons_if": null,
            "relation_fv_rs_cust_qos_pol": "",
            "relation_fv_rs_dpp_pol": "",
            "relation_fv_rs_fc_path_att": null,
            "relation_fv_rs_intra_epg": null,
            "relation_fv_rs_node_att": [],
            "relation_fv_rs_path_att": null,
            "relation_fv_rs_prot_by": null,
            "relation_fv_rs_prov": null,
            "relation_fv_rs_prov_def": null,
            "relation_fv_rs_sec_inherited": null,
            "relation_fv_rs_trust_ctrl": "",
            "shutdown": "no"
          },
          "sensitive_attributes": [],
          "private": "eyJzY2hlbWFfdmVyc2lvbiI6IjEifQ==",
          "dependencies": [
            "aci_application_profile.app_profiles",
            "aci_bridge_domain.bridge_domains",
            "aci_tenant.tenants",
            "aci_vrf.vrfs"
          ]
        },
        {
          "index_key": "epg_vlan15_10.20.6.0_24_prd_wf",
          "schema_version": 1,
          "attributes": {
            "annotation": "orchestrator:terraform",
            "application_profile_dn": "uni/tn-network_centric/ap-ap_lan",
            "description": "",
            "exception_tag": "",
            "flood_on_encap": "disabled",
            "fwd_ctrl": "none",
            "has_mcast_source": "no",
            "id": "uni/tn-network_centric/ap-ap_lan/epg-epg_vlan15_10.20.6.0_24_prd_wf",
            "is_attr_based_epg": "no",
            "match_t": "AtleastOne",
            "name": "epg_vlan15_10.20.6.0_24_prd_wf",
            "name_alias": "",
            "pc_enf_pref": "unenforced",
            "pref_gr_memb": "exclude",
            "prio": "unspecified",
            "relation_fv_rs_aepg_mon_pol": "",
            "relation_fv_rs_bd": "uni/tn-common/BD-bd_vlan14_10.20.2.0_24_prd_wf",
            "relation_fv_rs_cons": null,
            "relation_fv_rs_cons_if": null,
            "relation_fv_rs_cust_qos_pol": "",
            "relation_fv_rs_dpp_pol": "",
            "relation_fv_rs_fc_path_att": null,
            "relation_fv_rs_intra_epg": null,
            "relation_fv_rs_node_att": [],
            "relation_fv_rs_path_att": null,
            "relation_fv_rs_prot_by": null,
            "relation_fv_rs_prov": null,
            "relation_fv_rs_prov_def": null,
            "relation_fv_rs_sec_inherited": null,
            "relation_fv_rs_trust_ctrl": "",
            "shutdown": "no"
          },
          "sensitive_attributes": [],
          "private": "eyJzY2hlbWFfdmVyc2lvbiI6IjEifQ==",
          "dependencies": [
            "aci_application_profile.app_profiles",
            "aci_bridge_domain.bridge_domains",
            "aci_tenant.tenants",
            "aci_vrf.vrfs"
          ]
        },
        {
          "index_key": "epg_vlan17_10.20.7.0_24_prd_mw",
          "schema_version": 1,
          "attributes": {
            "annotation": "orchestrator:terraform",
            "application_profile_dn": "uni/tn-network_centric/ap-ap_lan",
            "description": "",
            "exception_tag": "",
            "flood_on_encap": "disabled",
            "fwd_ctrl": "none",
            "has_mcast_source": "no",
            "id": "uni/tn-network_centric/ap-ap_lan/epg-epg_vlan17_10.20.7.0_24_prd_mw",
            "is_attr_based_epg": "no",
            "match_t": "AtleastOne",
            "name": "epg_vlan17_10.20.7.0_24_prd_mw",
            "name_alias": "",
            "pc_enf_pref": "unenforced",
            "pref_gr_memb": "exclude",
            "prio": "unspecified",
            "relation_fv_rs_aepg_mon_pol": "",
            "relation_fv_rs_bd": "uni/tn-common/BD-bd_vlan17_10.20.7.0_24_prd_mw",
            "relation_fv_rs_cons": null,
            "relation_fv_rs_cons_if": null,
            "relation_fv_rs_cust_qos_pol": "",
            "relation_fv_rs_dpp_pol": "",
            "relation_fv_rs_fc_path_att": null,
            "relation_fv_rs_intra_epg": null,
            "relation_fv_rs_node_att": [],
            "relation_fv_rs_path_att": null,
            "relation_fv_rs_prot_by": null,
            "relation_fv_rs_prov": null,
            "relation_fv_rs_prov_def": null,
            "relation_fv_rs_sec_inherited": null,
            "relation_fv_rs_trust_ctrl": "",
            "shutdown": "no"
          },
          "sensitive_attributes": [],
          "private": "eyJzY2hlbWFfdmVyc2lvbiI6IjEifQ==",
          "dependencies": [
            "aci_application_profile.app_profiles",
            "aci_bridge_domain.bridge_domains",
            "aci_tenant.tenants",
            "aci_vrf.vrfs"
          ]
        },
        {
          "index_key": "epg_vlan18_10.20.3.0_24_prd_mw",
          "schema_version": 1,
          "attributes": {
            "annotation": "orchestrator:terraform",
            "application_profile_dn": "uni/tn-network_centric/ap-ap_lan",
            "description": "",
            "exception_tag": "",
            "flood_on_encap": "disabled",
            "fwd_ctrl": "none",
            "has_mcast_source": "no",
            "id": "uni/tn-network_centric/ap-ap_lan/epg-epg_vlan18_10.20.3.0_24_prd_mw",
            "is_attr_based_epg": "no",
            "match_t": "AtleastOne",
            "name": "epg_vlan18_10.20.3.0_24_prd_mw",
            "name_alias": "",
            "pc_enf_pref": "unenforced",
            "pref_gr_memb": "exclude",
            "prio": "unspecified",
            "relation_fv_rs_aepg_mon_pol": "",
            "relation_fv_rs_bd": "uni/tn-common/BD-bd_vlan18_10.20.3.0_24_prd_mw",
            "relation_fv_rs_cons": null,
            "relation_fv_rs_cons_if": null,
            "relation_fv_rs_cust_qos_pol": "",
            "relation_fv_rs_dpp_pol": "",
            "relation_fv_rs_fc_path_att": null,
            "relation_fv_rs_intra_epg": null,
            "relation_fv_rs_node_att": [],
            "relation_fv_rs_path_att": null,
            "relation_fv_rs_prot_by": null,
            "relation_fv_rs_prov": null,
            "relation_fv_rs_prov_def": null,
            "relation_fv_rs_sec_inherited": null,
            "relation_fv_rs_trust_ctrl": "",
            "shutdown": "no"
          },
          "sensitive_attributes": [],
          "private": "eyJzY2hlbWFfdmVyc2lvbiI6IjEifQ==",
          "dependencies": [
            "aci_application_profile.app_profiles",
            "aci_bridge_domain.bridge_domains",
            "aci_tenant.tenants",
            "aci_vrf.vrfs"
          ]
        },
        {
          "index_key": "epg_vlan25_10.20.4.0_25_prd_lan",
          "schema_version": 1,
          "attributes": {
            "annotation": "orchestrator:terraform",
            "application_profile_dn": "uni/tn-network_centric/ap-ap_lan",
            "description": "",
            "exception_tag": "",
            "flood_on_encap": "disabled",
            "fwd_ctrl": "none",
            "has_mcast_source": "no",
            "id": "uni/tn-network_centric/ap-ap_lan/epg-epg_vlan25_10.20.4.0_25_prd_lan",
            "is_attr_based_epg": "no",
            "match_t": "AtleastOne",
            "name": "epg_vlan25_10.20.4.0_25_prd_lan",
            "name_alias": "",
            "pc_enf_pref": "unenforced",
            "pref_gr_memb": "exclude",
            "prio": "unspecified",
            "relation_fv_rs_aepg_mon_pol": "",
            "relation_fv_rs_bd": "uni/tn-common/BD-bd_vlan25_10.20.4.0_25_prd_lan",
            "relation_fv_rs_cons": null,
            "relation_fv_rs_cons_if": null,
            "relation_fv_rs_cust_qos_pol": "",
            "relation_fv_rs_dpp_pol": "",
            "relation_fv_rs_fc_path_att": null,
            "relation_fv_rs_intra_epg": null,
            "relation_fv_rs_node_att": [],
            "relation_fv_rs_path_att": null,
            "relation_fv_rs_prot_by": null,
            "relation_fv_rs_prov": null,
            "relation_fv_rs_prov_def": null,
            "relation_fv_rs_sec_inherited": null,
            "relation_fv_rs_trust_ctrl": "",
            "shutdown": "no"
          },
          "sensitive_attributes": [],
          "private": "eyJzY2hlbWFfdmVyc2lvbiI6IjEifQ==",
          "dependencies": [
            "aci_application_profile.app_profiles",
            "aci_bridge_domain.bridge_domains",
            "aci_tenant.tenants",
            "aci_vrf.vrfs"
          ]
        },
        {
          "index_key": "epg_vlan47_10.20.70.0_24_prd_hs",
          "schema_version": 1,
          "attributes": {
            "annotation": "orchestrator:terraform",
            "application_profile_dn": "uni/tn-network_centric/ap-ap_lan",
            "description": "",
            "exception_tag": "",
            "flood_on_encap": "disabled",
            "fwd_ctrl": "none",
            "has_mcast_source": "no",
            "id": "uni/tn-network_centric/ap-ap_lan/epg-epg_vlan47_10.20.70.0_24_prd_hs",
            "is_attr_based_epg": "no",
            "match_t": "AtleastOne",
            "name": "epg_vlan47_10.20.70.0_24_prd_hs",
            "name_alias": "",
            "pc_enf_pref": "unenforced",
            "pref_gr_memb": "exclude",
            "prio": "unspecified",
            "relation_fv_rs_aepg_mon_pol": "",
            "relation_fv_rs_bd": "uni/tn-common/BD-bd_vlan47_10.20.70.0_24_prd_hs",
            "relation_fv_rs_cons": null,
            "relation_fv_rs_cons_if": null,
            "relation_fv_rs_cust_qos_pol": "",
            "relation_fv_rs_dpp_pol": "",
            "relation_fv_rs_fc_path_att": null,
            "relation_fv_rs_intra_epg": null,
            "relation_fv_rs_node_att": [],
            "relation_fv_rs_path_att": null,
            "relation_fv_rs_prot_by": null,
            "relation_fv_rs_prov": null,
            "relation_fv_rs_prov_def": null,
            "relation_fv_rs_sec_inherited": null,
            "relation_fv_rs_trust_ctrl": "",
            "shutdown": "no"
          },
          "sensitive_attributes": [],
          "private": "eyJzY2hlbWFfdmVyc2lvbiI6IjEifQ==",
          "dependencies": [
            "aci_application_profile.app_profiles",
            "aci_bridge_domain.bridge_domains",
            "aci_tenant.tenants",
            "aci_vrf.vrfs"
          ]
        },
        {
          "index_key": "epg_vlan49_10.30.70.0_24_tda_hs",
          "schema_version": 1,
          "attributes": {
            "annotation": "orchestrator:terraform",
            "application_profile_dn": "uni/tn-network_centric/ap-ap_lan",
            "description": "",
            "exception_tag": "",
            "flood_on_encap": "disabled",
            "fwd_ctrl": "none",
            "has_mcast_source": "no",
            "id": "uni/tn-network_centric/ap-ap_lan/epg-epg_vlan49_10.30.70.0_24_tda_hs",
            "is_attr_based_epg": "no",
            "match_t": "AtleastOne",
            "name": "epg_vlan49_10.30.70.0_24_tda_hs",
            "name_alias": "",
            "pc_enf_pref": "unenforced",
            "pref_gr_memb": "exclude",
            "prio": "unspecified",
            "relation_fv_rs_aepg_mon_pol": "",
            "relation_fv_rs_bd": "uni/tn-common/BD-bd_vlan49_10.30.70.0_24_tda_hs",
            "relation_fv_rs_cons": null,
            "relation_fv_rs_cons_if": null,
            "relation_fv_rs_cust_qos_pol": "",
            "relation_fv_rs_dpp_pol": "",
            "relation_fv_rs_fc_path_att": null,
            "relation_fv_rs_intra_epg": null,
            "relation_fv_rs_node_att": [],
            "relation_fv_rs_path_att": null,
            "relation_fv_rs_prot_by": null,
            "relation_fv_rs_prov": null,
            "relation_fv_rs_prov_def": null,
            "relation_fv_rs_sec_inherited": null,
            "relation_fv_rs_trust_ctrl": "",
            "shutdown": "no"
          },
          "sensitive_attributes": [],
          "private": "eyJzY2hlbWFfdmVyc2lvbiI6IjEifQ==",
          "dependencies": [
            "aci_application_profile.app_profiles",
            "aci_bridge_domain.bridge_domains",
            "aci_tenant.tenants",
            "aci_vrf.vrfs"
          ]
        },
        {
          "index_key": "epg_vlan51_10.30.80.0_24_tda_hs",
          "schema_version": 1,
          "attributes": {
            "annotation": "orchestrator:terraform",
            "application_profile_dn": "uni/tn-network_centric/ap-ap_lan",
            "description": "",
            "exception_tag": "",
            "flood_on_encap": "disabled",
            "fwd_ctrl": "none",
            "has_mcast_source": "no",
            "id": "uni/tn-network_centric/ap-ap_lan/epg-epg_vlan51_10.30.80.0_24_tda_hs",
            "is_attr_based_epg": "no",
            "match_t": "AtleastOne",
            "name": "epg_vlan51_10.30.80.0_24_tda_hs",
            "name_alias": "",
            "pc_enf_pref": "unenforced",
            "pref_gr_memb": "exclude",
            "prio": "unspecified",
            "relation_fv_rs_aepg_mon_pol": "",
            "relation_fv_rs_bd": "uni/tn-common/BD-bd_vlan51_10.30.80.0_24_tda_hs",
            "relation_fv_rs_cons": null,
            "relation_fv_rs_cons_if": null,
            "relation_fv_rs_cust_qos_pol": "",
            "relation_fv_rs_dpp_pol": "",
            "relation_fv_rs_fc_path_att": null,
            "relation_fv_rs_intra_epg": null,
            "relation_fv_rs_node_att": [],
            "relation_fv_rs_path_att": null,
            "relation_fv_rs_prot_by": null,
            "relation_fv_rs_prov": null,
            "relation_fv_rs_prov_def": null,
            "relation_fv_rs_sec_inherited": null,
            "relation_fv_rs_trust_ctrl": "",
            "shutdown": "no"
          },
          "sensitive_attributes": [],
          "private": "eyJzY2hlbWFfdmVyc2lvbiI6IjEifQ==",
          "dependencies": [
            "aci_application_profile.app_profiles",
            "aci_bridge_domain.bridge_domains",
            "aci_tenant.tenants",
            "aci_vrf.vrfs"
          ]
        },
        {
          "index_key": "epg_vlan64_10.20.64.0_24_admin_mgmt",
          "schema_version": 1,
          "attributes": {
            "annotation": "orchestrator:terraform",
            "application_profile_dn": "uni/tn-network_centric/ap-ap_lan",
            "description": "",
            "exception_tag": "",
            "flood_on_encap": "disabled",
            "fwd_ctrl": "none",
            "has_mcast_source": "no",
            "id": "uni/tn-network_centric/ap-ap_lan/epg-epg_vlan64_10.20.64.0_24_admin_mgmt",
            "is_attr_based_epg": "no",
            "match_t": "AtleastOne",
            "name": "epg_vlan64_10.20.64.0_24_admin_mgmt",
            "name_alias": "",
            "pc_enf_pref": "unenforced",
            "pref_gr_memb": "exclude",
            "prio": "unspecified",
            "relation_fv_rs_aepg_mon_pol": "",
            "relation_fv_rs_bd": "uni/tn-common/BD-bd_vlan64_10.20.64.0_24_admin_mgmt",
            "relation_fv_rs_cons": null,
            "relation_fv_rs_cons_if": null,
            "relation_fv_rs_cust_qos_pol": "",
            "relation_fv_rs_dpp_pol": "",
            "relation_fv_rs_fc_path_att": null,
            "relation_fv_rs_intra_epg": null,
            "relation_fv_rs_node_att": [],
            "relation_fv_rs_path_att": null,
            "relation_fv_rs_prot_by": null,
            "relation_fv_rs_prov": null,
            "relation_fv_rs_prov_def": null,
            "relation_fv_rs_sec_inherited": null,
            "relation_fv_rs_trust_ctrl": "",
            "shutdown": "no"
          },
          "sensitive_attributes": [],
          "private": "eyJzY2hlbWFfdmVyc2lvbiI6IjEifQ==",
          "dependencies": [
            "aci_application_profile.app_profiles",
            "aci_bridge_domain.bridge_domains",
            "aci_tenant.tenants",
            "aci_vrf.vrfs"
          ]
        }
      ]
    },
    {
      "mode": "managed",
      "type": "aci_application_profile",
      "name": "app_profiles",
      "provider": "provider[\"registry.terraform.io/ciscodevnet/aci\"]",
      "instances": [
        {
          "index_key": "ap_dmz",
          "schema_version": 1,
          "attributes": {
            "annotation": "orchestrator:terraform",
            "description": "",
            "id": "uni/tn-network_centric/ap-ap_dmz",
            "name": "ap_dmz",
            "name_alias": "",
            "prio": "unspecified",
            "relation_fv_rs_ap_mon_pol": "",
            "tenant_dn": "uni/tn-network_centric"
          },
          "sensitive_attributes": [],
          "private": "eyJzY2hlbWFfdmVyc2lvbiI6IjEifQ==",
          "dependencies": [
            "aci_tenant.tenants"
          ]
        },
        {
          "index_key": "ap_lan",
          "schema_version": 1,
          "attributes": {
            "annotation": "orchestrator:terraform",
            "description": "",
            "id": "uni/tn-network_centric/ap-ap_lan",
            "name": "ap_lan",
            "name_alias": "",
            "prio": "unspecified",
            "relation_fv_rs_ap_mon_pol": "",
            "tenant_dn": "uni/tn-network_centric"
          },
          "sensitive_attributes": [],
          "private": "eyJzY2hlbWFfdmVyc2lvbiI6IjEifQ==",
          "dependencies": [
            "aci_tenant.tenants"
          ]
        }
      ]
    },
    {
      "mode": "managed",
      "type": "aci_attachable_access_entity_profile",
      "name": "aaep",
      "provider": "provider[\"registry.terraform.io/ciscodevnet/aci\"]",
      "instances": [
        {
          "index_key": "mark_aaep",
          "schema_version": 1,
          "attributes": {
            "annotation": "orchestrator:terraform",
            "description": "",
            "id": "uni/infra/attentp-mark_aaep",
            "name": "mark_aaep",
            "name_alias": "",
            "relation_infra_rs_dom_p": [
              "uni/phys-markacidomain"
            ]
          },
          "sensitive_attributes": [],
          "private": "eyJzY2hlbWFfdmVyc2lvbiI6IjEifQ=="
        }
      ]
    },
    {
      "mode": "managed",
      "type": "aci_bridge_domain",
      "name": "bridge_domains",
      "provider": "provider[\"registry.terraform.io/ciscodevnet/aci\"]",
      "instances": [
        {
          "index_key": "bd_vlan100_10.20.100.0_24_prd_usr",
          "schema_version": 1,
          "attributes": {
            "annotation": "orchestrator:terraform",
            "arp_flood": "yes",
            "bridge_domain_type": "regular",
            "description": "None",
            "ep_clear": "no",
            "ep_move_detect_mode": "disable",
            "host_based_routing": "no",
            "id": "uni/tn-common/BD-bd_vlan100_10.20.100.0_24_prd_usr",
            "intersite_bum_traffic_allow": "no",
            "intersite_l2_stretch": "no",
            "ip_learning": "yes",
            "ipv6_mcast_allow": "no",
            "limit_ip_learn_to_subnets": "yes",
            "ll_addr": "::",
            "mac": "00:22:BD:F8:19:FF",
            "mcast_allow": "no",
            "multi_dst_pkt_act": "bd-flood",
            "name": "bd_vlan100_10.20.100.0_24_prd_usr",
            "name_alias": "",
            "optimize_wan_bandwidth": "no",
            "relation_fv_rs_abd_pol_mon_pol": "",
            "relation_fv_rs_bd_flood_to": null,
            "relation_fv_rs_bd_to_ep_ret": "",
            "relation_fv_rs_bd_to_fhs": "",
            "relation_fv_rs_bd_to_nd_p": "",
            "relation_fv_rs_bd_to_netflow_monitor_pol": [],
            "relation_fv_rs_bd_to_out": null,
            "relation_fv_rs_bd_to_profile": "",
            "relation_fv_rs_bd_to_relay_p": "",
            "relation_fv_rs_ctx": "uni/tn-common/ctx-lan",
            "relation_fv_rs_igmpsn": "",
            "relation_fv_rs_mldsn": "",
            "tenant_dn": "uni/tn-common",
            "unicast_route": "yes",
            "unk_mac_ucast_act": "flood",
            "unk_mcast_act": "flood",
            "v6unk_mcast_act": "flood",
            "vmac": "not-applicable"
          },
          "sensitive_attributes": [],
          "private": "eyJzY2hlbWFfdmVyc2lvbiI6IjEifQ==",
          "dependencies": [
            "aci_tenant.tenants",
            "aci_vrf.vrfs"
          ]
        },
        {
          "index_key": "bd_vlan14_10.20.2.0_24_prd_wf",
          "schema_version": 1,
          "attributes": {
            "annotation": "orchestrator:terraform",
            "arp_flood": "yes",
            "bridge_domain_type": "regular",
            "description": "This 1st bridge domain is created by the Terraform ACI provider",
            "ep_clear": "no",
            "ep_move_detect_mode": "disable",
            "host_based_routing": "no",
            "id": "uni/tn-common/BD-bd_vlan14_10.20.2.0_24_prd_wf",
            "intersite_bum_traffic_allow": "no",
            "intersite_l2_stretch": "no",
            "ip_learning": "yes",
            "ipv6_mcast_allow": "no",
            "limit_ip_learn_to_subnets": "yes",
            "ll_addr": "::",
            "mac": "00:22:BD:F8:19:FF",
            "mcast_allow": "no",
            "multi_dst_pkt_act": "bd-flood",
            "name": "bd_vlan14_10.20.2.0_24_prd_wf",
            "name_alias": "",
            "optimize_wan_bandwidth": "no",
            "relation_fv_rs_abd_pol_mon_pol": "",
            "relation_fv_rs_bd_flood_to": null,
            "relation_fv_rs_bd_to_ep_ret": "",
            "relation_fv_rs_bd_to_fhs": "",
            "relation_fv_rs_bd_to_nd_p": "",
            "relation_fv_rs_bd_to_netflow_monitor_pol": [],
            "relation_fv_rs_bd_to_out": null,
            "relation_fv_rs_bd_to_profile": "",
            "relation_fv_rs_bd_to_relay_p": "",
            "relation_fv_rs_ctx": "uni/tn-common/ctx-lan",
            "relation_fv_rs_igmpsn": "",
            "relation_fv_rs_mldsn": "",
            "tenant_dn": "uni/tn-common",
            "unicast_route": "yes",
            "unk_mac_ucast_act": "flood",
            "unk_mcast_act": "flood",
            "v6unk_mcast_act": "flood",
            "vmac": "not-applicable"
          },
          "sensitive_attributes": [],
          "private": "eyJzY2hlbWFfdmVyc2lvbiI6IjEifQ==",
          "dependencies": [
            "aci_tenant.tenants",
            "aci_vrf.vrfs"
          ]
        },
        {
          "index_key": "bd_vlan15_10.20.6.0_24_prd_wf",
          "schema_version": 1,
          "attributes": {
            "annotation": "orchestrator:terraform",
            "arp_flood": "yes",
            "bridge_domain_type": "regular",
            "description": "This 2nd  bridge domain is created by the Terraform ACI provider",
            "ep_clear": "no",
            "ep_move_detect_mode": "disable",
            "host_based_routing": "no",
            "id": "uni/tn-common/BD-bd_vlan15_10.20.6.0_24_prd_wf",
            "intersite_bum_traffic_allow": "no",
            "intersite_l2_stretch": "no",
            "ip_learning": "yes",
            "ipv6_mcast_allow": "no",
            "limit_ip_learn_to_subnets": "yes",
            "ll_addr": "::",
            "mac": "00:22:BD:F8:19:FF",
            "mcast_allow": "no",
            "multi_dst_pkt_act": "bd-flood",
            "name": "bd_vlan15_10.20.6.0_24_prd_wf",
            "name_alias": "",
            "optimize_wan_bandwidth": "no",
            "relation_fv_rs_abd_pol_mon_pol": "",
            "relation_fv_rs_bd_flood_to": null,
            "relation_fv_rs_bd_to_ep_ret": "",
            "relation_fv_rs_bd_to_fhs": "",
            "relation_fv_rs_bd_to_nd_p": "",
            "relation_fv_rs_bd_to_netflow_monitor_pol": [],
            "relation_fv_rs_bd_to_out": null,
            "relation_fv_rs_bd_to_profile": "",
            "relation_fv_rs_bd_to_relay_p": "",
            "relation_fv_rs_ctx": "uni/tn-common/ctx-lan",
            "relation_fv_rs_igmpsn": "",
            "relation_fv_rs_mldsn": "",
            "tenant_dn": "uni/tn-common",
            "unicast_route": "yes",
            "unk_mac_ucast_act": "flood",
            "unk_mcast_act": "flood",
            "v6unk_mcast_act": "flood",
            "vmac": "not-applicable"
          },
          "sensitive_attributes": [],
          "private": "eyJzY2hlbWFfdmVyc2lvbiI6IjEifQ==",
          "dependencies": [
            "aci_tenant.tenants",
            "aci_vrf.vrfs"
          ]
        },
        {
          "index_key": "bd_vlan17_10.20.7.0_24_prd_mw",
          "schema_version": 1,
          "attributes": {
            "annotation": "orchestrator:terraform",
            "arp_flood": "yes",
            "bridge_domain_type": "regular",
            "description": "This 3rd  bridge domain is created by the Terraform ACI provider",
            "ep_clear": "no",
            "ep_move_detect_mode": "disable",
            "host_based_routing": "no",
            "id": "uni/tn-common/BD-bd_vlan17_10.20.7.0_24_prd_mw",
            "intersite_bum_traffic_allow": "no",
            "intersite_l2_stretch": "no",
            "ip_learning": "yes",
            "ipv6_mcast_allow": "no",
            "limit_ip_learn_to_subnets": "yes",
            "ll_addr": "::",
            "mac": "00:22:BD:F8:19:FF",
            "mcast_allow": "no",
            "multi_dst_pkt_act": "bd-flood",
            "name": "bd_vlan17_10.20.7.0_24_prd_mw",
            "name_alias": "",
            "optimize_wan_bandwidth": "no",
            "relation_fv_rs_abd_pol_mon_pol": "",
            "relation_fv_rs_bd_flood_to": null,
            "relation_fv_rs_bd_to_ep_ret": "",
            "relation_fv_rs_bd_to_fhs": "",
            "relation_fv_rs_bd_to_nd_p": "",
            "relation_fv_rs_bd_to_netflow_monitor_pol": [],
            "relation_fv_rs_bd_to_out": null,
            "relation_fv_rs_bd_to_profile": "",
            "relation_fv_rs_bd_to_relay_p": "",
            "relation_fv_rs_ctx": "uni/tn-common/ctx-lan",
            "relation_fv_rs_igmpsn": "",
            "relation_fv_rs_mldsn": "",
            "tenant_dn": "uni/tn-common",
            "unicast_route": "yes",
            "unk_mac_ucast_act": "flood",
            "unk_mcast_act": "flood",
            "v6unk_mcast_act": "flood",
            "vmac": "not-applicable"
          },
          "sensitive_attributes": [],
          "private": "eyJzY2hlbWFfdmVyc2lvbiI6IjEifQ==",
          "dependencies": [
            "aci_tenant.tenants",
            "aci_vrf.vrfs"
          ]
        },
        {
          "index_key": "bd_vlan18_10.20.3.0_24_prd_mw",
          "schema_version": 1,
          "attributes": {
            "annotation": "orchestrator:terraform",
            "arp_flood": "yes",
            "bridge_domain_type": "regular",
            "description": "This 4th  bridge domain is created by the Terraform ACI provider",
            "ep_clear": "no",
            "ep_move_detect_mode": "disable",
            "host_based_routing": "no",
            "id": "uni/tn-common/BD-bd_vlan18_10.20.3.0_24_prd_mw",
            "intersite_bum_traffic_allow": "no",
            "intersite_l2_stretch": "no",
            "ip_learning": "yes",
            "ipv6_mcast_allow": "no",
            "limit_ip_learn_to_subnets": "yes",
            "ll_addr": "::",
            "mac": "00:22:BD:F8:19:FF",
            "mcast_allow": "no",
            "multi_dst_pkt_act": "bd-flood",
            "name": "bd_vlan18_10.20.3.0_24_prd_mw",
            "name_alias": "",
            "optimize_wan_bandwidth": "no",
            "relation_fv_rs_abd_pol_mon_pol": "",
            "relation_fv_rs_bd_flood_to": null,
            "relation_fv_rs_bd_to_ep_ret": "",
            "relation_fv_rs_bd_to_fhs": "",
            "relation_fv_rs_bd_to_nd_p": "",
            "relation_fv_rs_bd_to_netflow_monitor_pol": [],
            "relation_fv_rs_bd_to_out": null,
            "relation_fv_rs_bd_to_profile": "",
            "relation_fv_rs_bd_to_relay_p": "",
            "relation_fv_rs_ctx": "uni/tn-common/ctx-lan",
            "relation_fv_rs_igmpsn": "",
            "relation_fv_rs_mldsn": "",
            "tenant_dn": "uni/tn-common",
            "unicast_route": "yes",
            "unk_mac_ucast_act": "flood",
            "unk_mcast_act": "flood",
            "v6unk_mcast_act": "flood",
            "vmac": "not-applicable"
          },
          "sensitive_attributes": [],
          "private": "eyJzY2hlbWFfdmVyc2lvbiI6IjEifQ==",
          "dependencies": [
            "aci_tenant.tenants",
            "aci_vrf.vrfs"
          ]
        },
        {
          "index_key": "bd_vlan25_10.20.4.0_25_prd_lan",
          "schema_version": 1,
          "attributes": {
            "annotation": "orchestrator:terraform",
            "arp_flood": "yes",
            "bridge_domain_type": "regular",
            "description": "This 5th  bridge domain is created by the Terraform ACI provider",
            "ep_clear": "no",
            "ep_move_detect_mode": "disable",
            "host_based_routing": "no",
            "id": "uni/tn-common/BD-bd_vlan25_10.20.4.0_25_prd_lan",
            "intersite_bum_traffic_allow": "no",
            "intersite_l2_stretch": "no",
            "ip_learning": "yes",
            "ipv6_mcast_allow": "no",
            "limit_ip_learn_to_subnets": "yes",
            "ll_addr": "::",
            "mac": "00:22:BD:F8:19:FF",
            "mcast_allow": "no",
            "multi_dst_pkt_act": "bd-flood",
            "name": "bd_vlan25_10.20.4.0_25_prd_lan",
            "name_alias": "",
            "optimize_wan_bandwidth": "no",
            "relation_fv_rs_abd_pol_mon_pol": "",
            "relation_fv_rs_bd_flood_to": null,
            "relation_fv_rs_bd_to_ep_ret": "",
            "relation_fv_rs_bd_to_fhs": "",
            "relation_fv_rs_bd_to_nd_p": "",
            "relation_fv_rs_bd_to_netflow_monitor_pol": [],
            "relation_fv_rs_bd_to_out": null,
            "relation_fv_rs_bd_to_profile": "",
            "relation_fv_rs_bd_to_relay_p": "",
            "relation_fv_rs_ctx": "uni/tn-common/ctx-lan",
            "relation_fv_rs_igmpsn": "",
            "relation_fv_rs_mldsn": "",
            "tenant_dn": "uni/tn-common",
            "unicast_route": "yes",
            "unk_mac_ucast_act": "flood",
            "unk_mcast_act": "flood",
            "v6unk_mcast_act": "flood",
            "vmac": "not-applicable"
          },
          "sensitive_attributes": [],
          "private": "eyJzY2hlbWFfdmVyc2lvbiI6IjEifQ==",
          "dependencies": [
            "aci_tenant.tenants",
            "aci_vrf.vrfs"
          ]
        },
        {
          "index_key": "bd_vlan47_10.20.70.0_24_prd_hs",
          "schema_version": 1,
          "attributes": {
            "annotation": "orchestrator:terraform",
            "arp_flood": "yes",
            "bridge_domain_type": "regular",
            "description": "This 6th  bridge domain is created by the Terraform ACI provider",
            "ep_clear": "no",
            "ep_move_detect_mode": "disable",
            "host_based_routing": "no",
            "id": "uni/tn-common/BD-bd_vlan47_10.20.70.0_24_prd_hs",
            "intersite_bum_traffic_allow": "no",
            "intersite_l2_stretch": "no",
            "ip_learning": "yes",
            "ipv6_mcast_allow": "no",
            "limit_ip_learn_to_subnets": "yes",
            "ll_addr": "::",
            "mac": "00:22:BD:F8:19:FF",
            "mcast_allow": "no",
            "multi_dst_pkt_act": "bd-flood",
            "name": "bd_vlan47_10.20.70.0_24_prd_hs",
            "name_alias": "",
            "optimize_wan_bandwidth": "no",
            "relation_fv_rs_abd_pol_mon_pol": "",
            "relation_fv_rs_bd_flood_to": null,
            "relation_fv_rs_bd_to_ep_ret": "",
            "relation_fv_rs_bd_to_fhs": "",
            "relation_fv_rs_bd_to_nd_p": "",
            "relation_fv_rs_bd_to_netflow_monitor_pol": [],
            "relation_fv_rs_bd_to_out": null,
            "relation_fv_rs_bd_to_profile": "",
            "relation_fv_rs_bd_to_relay_p": "",
            "relation_fv_rs_ctx": "uni/tn-common/ctx-lan",
            "relation_fv_rs_igmpsn": "",
            "relation_fv_rs_mldsn": "",
            "tenant_dn": "uni/tn-common",
            "unicast_route": "yes",
            "unk_mac_ucast_act": "flood",
            "unk_mcast_act": "flood",
            "v6unk_mcast_act": "flood",
            "vmac": "not-applicable"
          },
          "sensitive_attributes": [],
          "private": "eyJzY2hlbWFfdmVyc2lvbiI6IjEifQ==",
          "dependencies": [
            "aci_tenant.tenants",
            "aci_vrf.vrfs"
          ]
        },
        {
          "index_key": "bd_vlan49_10.30.70.0_24_tda_hs",
          "schema_version": 1,
          "attributes": {
            "annotation": "orchestrator:terraform",
            "arp_flood": "yes",
            "bridge_domain_type": "regular",
            "description": "This 7th  bridge domain is created by the Terraform ACI provider",
            "ep_clear": "no",
            "ep_move_detect_mode": "disable",
            "host_based_routing": "no",
            "id": "uni/tn-common/BD-bd_vlan49_10.30.70.0_24_tda_hs",
            "intersite_bum_traffic_allow": "no",
            "intersite_l2_stretch": "no",
            "ip_learning": "yes",
            "ipv6_mcast_allow": "no",
            "limit_ip_learn_to_subnets": "yes",
            "ll_addr": "::",
            "mac": "00:22:BD:F8:19:FF",
            "mcast_allow": "no",
            "multi_dst_pkt_act": "bd-flood",
            "name": "bd_vlan49_10.30.70.0_24_tda_hs",
            "name_alias": "",
            "optimize_wan_bandwidth": "no",
            "relation_fv_rs_abd_pol_mon_pol": "",
            "relation_fv_rs_bd_flood_to": null,
            "relation_fv_rs_bd_to_ep_ret": "",
            "relation_fv_rs_bd_to_fhs": "",
            "relation_fv_rs_bd_to_nd_p": "",
            "relation_fv_rs_bd_to_netflow_monitor_pol": [],
            "relation_fv_rs_bd_to_out": null,
            "relation_fv_rs_bd_to_profile": "",
            "relation_fv_rs_bd_to_relay_p": "",
            "relation_fv_rs_ctx": "uni/tn-common/ctx-lan",
            "relation_fv_rs_igmpsn": "",
            "relation_fv_rs_mldsn": "",
            "tenant_dn": "uni/tn-common",
            "unicast_route": "yes",
            "unk_mac_ucast_act": "flood",
            "unk_mcast_act": "flood",
            "v6unk_mcast_act": "flood",
            "vmac": "not-applicable"
          },
          "sensitive_attributes": [],
          "private": "eyJzY2hlbWFfdmVyc2lvbiI6IjEifQ==",
          "dependencies": [
            "aci_tenant.tenants",
            "aci_vrf.vrfs"
          ]
        },
        {
          "index_key": "bd_vlan51_10.30.80.0_24_tda_hs",
          "schema_version": 1,
          "attributes": {
            "annotation": "orchestrator:terraform",
            "arp_flood": "yes",
            "bridge_domain_type": "regular",
            "description": "dmz1",
            "ep_clear": "no",
            "ep_move_detect_mode": "disable",
            "host_based_routing": "no",
            "id": "uni/tn-common/BD-bd_vlan51_10.30.80.0_24_tda_hs",
            "intersite_bum_traffic_allow": "no",
            "intersite_l2_stretch": "no",
            "ip_learning": "yes",
            "ipv6_mcast_allow": "no",
            "limit_ip_learn_to_subnets": "yes",
            "ll_addr": "::",
            "mac": "00:22:BD:F8:19:FF",
            "mcast_allow": "no",
            "multi_dst_pkt_act": "bd-flood",
            "name": "bd_vlan51_10.30.80.0_24_tda_hs",
            "name_alias": "",
            "optimize_wan_bandwidth": "no",
            "relation_fv_rs_abd_pol_mon_pol": "",
            "relation_fv_rs_bd_flood_to": null,
            "relation_fv_rs_bd_to_ep_ret": "",
            "relation_fv_rs_bd_to_fhs": "",
            "relation_fv_rs_bd_to_nd_p": "",
            "relation_fv_rs_bd_to_netflow_monitor_pol": [],
            "relation_fv_rs_bd_to_out": null,
            "relation_fv_rs_bd_to_profile": "",
            "relation_fv_rs_bd_to_relay_p": "",
            "relation_fv_rs_ctx": "uni/tn-common/ctx-lan",
            "relation_fv_rs_igmpsn": "",
            "relation_fv_rs_mldsn": "",
            "tenant_dn": "uni/tn-common",
            "unicast_route": "yes",
            "unk_mac_ucast_act": "flood",
            "unk_mcast_act": "flood",
            "v6unk_mcast_act": "flood",
            "vmac": "not-applicable"
          },
          "sensitive_attributes": [],
          "private": "eyJzY2hlbWFfdmVyc2lvbiI6IjEifQ==",
          "dependencies": [
            "aci_tenant.tenants",
            "aci_vrf.vrfs"
          ]
        },
        {
          "index_key": "bd_vlan64_10.20.64.0_24_admin_mgmt",
          "schema_version": 1,
          "attributes": {
            "annotation": "orchestrator:terraform",
            "arp_flood": "yes",
            "bridge_domain_type": "regular",
            "description": "dmz2_",
            "ep_clear": "no",
            "ep_move_detect_mode": "disable",
            "host_based_routing": "no",
            "id": "uni/tn-common/BD-bd_vlan64_10.20.64.0_24_admin_mgmt",
            "intersite_bum_traffic_allow": "no",
            "intersite_l2_stretch": "no",
            "ip_learning": "yes",
            "ipv6_mcast_allow": "no",
            "limit_ip_learn_to_subnets": "yes",
            "ll_addr": "::",
            "mac": "00:22:BD:F8:19:FF",
            "mcast_allow": "no",
            "multi_dst_pkt_act": "bd-flood",
            "name": "bd_vlan64_10.20.64.0_24_admin_mgmt",
            "name_alias": "",
            "optimize_wan_bandwidth": "no",
            "relation_fv_rs_abd_pol_mon_pol": "",
            "relation_fv_rs_bd_flood_to": null,
            "relation_fv_rs_bd_to_ep_ret": "",
            "relation_fv_rs_bd_to_fhs": "",
            "relation_fv_rs_bd_to_nd_p": "",
            "relation_fv_rs_bd_to_netflow_monitor_pol": [],
            "relation_fv_rs_bd_to_out": null,
            "relation_fv_rs_bd_to_profile": "",
            "relation_fv_rs_bd_to_relay_p": "",
            "relation_fv_rs_ctx": "uni/tn-common/ctx-lan",
            "relation_fv_rs_igmpsn": "",
            "relation_fv_rs_mldsn": "",
            "tenant_dn": "uni/tn-common",
            "unicast_route": "yes",
            "unk_mac_ucast_act": "flood",
            "unk_mcast_act": "flood",
            "v6unk_mcast_act": "flood",
            "vmac": "not-applicable"
          },
          "sensitive_attributes": [],
          "private": "eyJzY2hlbWFfdmVyc2lvbiI6IjEifQ==",
          "dependencies": [
            "aci_tenant.tenants",
            "aci_vrf.vrfs"
          ]
        }
      ]
    },
    {
      "mode": "managed",
      "type": "aci_cdp_interface_policy",
      "name": "cdp_pols",
      "provider": "provider[\"registry.terraform.io/ciscodevnet/aci\"]",
      "instances": [
        {
          "index_key": "cdp_mark_disabled",
          "schema_version": 1,
          "attributes": {
            "admin_st": "disabled",
            "annotation": "orchestrator:terraform",
            "description": "cdp_disabled",
            "id": "uni/infra/cdpIfP-cdp_mark_disabled",
            "name": "cdp_mark_disabled",
            "name_alias": ""
          },
          "sensitive_attributes": [],
          "private": "eyJzY2hlbWFfdmVyc2lvbiI6IjEifQ=="
        },
        {
          "index_key": "cdp_mark_enabled",
          "schema_version": 1,
          "attributes": {
            "admin_st": "enabled",
            "annotation": "orchestrator:terraform",
            "description": "cdp_enabled",
            "id": "uni/infra/cdpIfP-cdp_mark_enabled",
            "name": "cdp_mark_enabled",
            "name_alias": ""
          },
          "sensitive_attributes": [],
          "private": "eyJzY2hlbWFfdmVyc2lvbiI6IjEifQ=="
        }
      ]
    },
    {
      "mode": "managed",
      "type": "aci_fabric_if_pol",
      "name": "llpols",
      "provider": "provider[\"registry.terraform.io/ciscodevnet/aci\"]",
      "instances": [
        {
          "index_key": "link_100G",
          "schema_version": 1,
          "attributes": {
            "annotation": "orchestrator:terraform",
            "auto_neg": "on",
            "description": "100Gps",
            "fec_mode": "inherit",
            "id": "uni/infra/hintfpol-link_100G",
            "link_debounce": "100",
            "name": "link_100G",
            "name_alias": "",
            "speed": "100G"
          },
          "sensitive_attributes": [],
          "private": "eyJzY2hlbWFfdmVyc2lvbiI6IjEifQ=="
        },
        {
          "index_key": "link_100M",
          "schema_version": 1,
          "attributes": {
            "annotation": "orchestrator:terraform",
            "auto_neg": "on",
            "description": "100Mbps",
            "fec_mode": "inherit",
            "id": "uni/infra/hintfpol-link_100M",
            "link_debounce": "100",
            "name": "link_100M",
            "name_alias": "",
            "speed": "100M"
          },
          "sensitive_attributes": [],
          "private": "eyJzY2hlbWFfdmVyc2lvbiI6IjEifQ=="
        },
        {
          "index_key": "link_10G",
          "schema_version": 1,
          "attributes": {
            "annotation": "orchestrator:terraform",
            "auto_neg": "on",
            "description": "10Gbps",
            "fec_mode": "inherit",
            "id": "uni/infra/hintfpol-link_10G",
            "link_debounce": "100",
            "name": "link_10G",
            "name_alias": "",
            "speed": "10G"
          },
          "sensitive_attributes": [],
          "private": "eyJzY2hlbWFfdmVyc2lvbiI6IjEifQ=="
        },
        {
          "index_key": "link_1G",
          "schema_version": 1,
          "attributes": {
            "annotation": "orchestrator:terraform",
            "auto_neg": "on",
            "description": "1Gbps",
            "fec_mode": "inherit",
            "id": "uni/infra/hintfpol-link_1G",
            "link_debounce": "100",
            "name": "link_1G",
            "name_alias": "",
            "speed": "1G"
          },
          "sensitive_attributes": [],
          "private": "eyJzY2hlbWFfdmVyc2lvbiI6IjEifQ=="
        },
        {
          "index_key": "link_25G",
          "schema_version": 1,
          "attributes": {
            "annotation": "orchestrator:terraform",
            "auto_neg": "on",
            "description": "25Gbps",
            "fec_mode": "inherit",
            "id": "uni/infra/hintfpol-link_25G",
            "link_debounce": "100",
            "name": "link_25G",
            "name_alias": "",
            "speed": "25G"
          },
          "sensitive_attributes": [],
          "private": "eyJzY2hlbWFfdmVyc2lvbiI6IjEifQ=="
        },
        {
          "index_key": "link_40G",
          "schema_version": 1,
          "attributes": {
            "annotation": "orchestrator:terraform",
            "auto_neg": "on",
            "description": "40Gbps",
            "fec_mode": "inherit",
            "id": "uni/infra/hintfpol-link_40G",
            "link_debounce": "100",
            "name": "link_40G",
            "name_alias": "",
            "speed": "40G"
          },
          "sensitive_attributes": [],
          "private": "eyJzY2hlbWFfdmVyc2lvbiI6IjEifQ=="
        }
      ]
    },
    {
      "mode": "managed",
      "type": "aci_lacp_policy",
      "name": "lacp_pols",
      "provider": "provider[\"registry.terraform.io/ciscodevnet/aci\"]",
      "instances": [
        {
          "index_key": "lacp_mark_active",
          "schema_version": 1,
          "attributes": {
            "annotation": "orchestrator:terraform",
            "ctrl": [
              "fast-sel-hot-stdby",
              "graceful-conv",
              "susp-individual"
            ],
            "description": "",
            "id": "uni/infra/lacplagp-lacp_mark_active",
            "max_links": "16",
            "min_links": "1",
            "mode": "active",
            "name": "lacp_mark_active",
            "name_alias": ""
          },
          "sensitive_attributes": [],
          "private": "eyJzY2hlbWFfdmVyc2lvbiI6IjEifQ=="
        }
      ]
    },
    {
      "mode": "managed",
      "type": "aci_lldp_interface_policy",
      "name": "lldp_pols",
      "provider": "provider[\"registry.terraform.io/ciscodevnet/aci\"]",
      "instances": [
        {
          "index_key": "lldp_disabled",
          "schema_version": 1,
          "attributes": {
            "admin_rx_st": "disabled",
            "admin_tx_st": "disabled",
            "annotation": "orchestrator:terraform",
            "description": "lldp TX and RX off",
            "id": "uni/infra/lldpIfP-lldp_disabled",
            "name": "lldp_disabled",
            "name_alias": ""
          },
          "sensitive_attributes": [],
          "private": "eyJzY2hlbWFfdmVyc2lvbiI6IjEifQ=="
        },
        {
          "index_key": "lldp_enabled",
          "schema_version": 1,
          "attributes": {
            "admin_rx_st": "enabled",
            "admin_tx_st": "enabled",
            "annotation": "orchestrator:terraform",
            "description": "lldp TX and RX on",
            "id": "uni/infra/lldpIfP-lldp_enabled",
            "name": "lldp_enabled",
            "name_alias": ""
          },
          "sensitive_attributes": [],
          "private": "eyJzY2hlbWFfdmVyc2lvbiI6IjEifQ=="
        }
      ]
    },
    {
      "mode": "managed",
      "type": "aci_physical_domain",
      "name": "phys_domain",
      "provider": "provider[\"registry.terraform.io/ciscodevnet/aci\"]",
      "instances": [
        {
          "index_key": "markacidomain",
          "schema_version": 1,
          "attributes": {
            "annotation": "orchestrator:terraform",
            "id": "uni/phys-markacidomain",
            "name": "markacidomain",
            "name_alias": "",
            "relation_infra_rs_dom_vxlan_ns_def": "",
            "relation_infra_rs_vip_addr_ns": "",
            "relation_infra_rs_vlan_ns": "uni/infra/vlanns-[mark_pool]-static",
            "relation_infra_rs_vlan_ns_def": "uni/infra/vlanns-[mark_pool]-static"
          },
          "sensitive_attributes": [],
          "private": "eyJzY2hlbWFfdmVyc2lvbiI6IjEifQ==",
          "dependencies": [
            "aci_vlan_pool.vlan_pool"
          ]
        }
      ]
    },
    {
      "mode": "managed",
      "type": "aci_ranges",
      "name": "range",
      "provider": "provider[\"registry.terraform.io/ciscodevnet/aci\"]",
      "instances": [
        {
          "index_key": "mark_pool",
          "schema_version": 1,
          "attributes": {
            "alloc_mode": "static",
            "annotation": "orchestrator:terraform",
            "description": "From Terraform",
            "from": "vlan-1024",
            "id": "uni/infra/vlanns-[mark_pool]-static/from-[vlan-1024]-to-[vlan-1034]",
            "name_alias": "",
            "role": "external",
            "to": "vlan-1034",
            "vlan_pool_dn": "uni/infra/vlanns-mark_pool-static"
          },
          "sensitive_attributes": [],
          "private": "eyJzY2hlbWFfdmVyc2lvbiI6IjEifQ==",
          "dependencies": [
            "aci_vlan_pool.vlan_pool"
          ]
        }
      ]
    },
    {
      "mode": "managed",
      "type": "aci_subnet",
      "name": "aci_subnets",
      "provider": "provider[\"registry.terraform.io/ciscodevnet/aci\"]",
      "instances": [
        {
          "index_key": "10.1.1.3/24",
          "schema_version": 1,
          "attributes": {
            "annotation": "orchestrator:terraform",
            "anycast_mac": "",
            "ctrl": [
              "nd"
            ],
            "description": "This aci subnet is created by Terraform",
            "id": "uni/tn-common/BD-bd_vlan14_10.20.2.0_24_prd_wf/subnet-[10.1.1.3/24]",
            "ip": "10.1.1.3/24",
            "msnlb": [],
            "name_alias": "",
            "next_hop_addr": "",
            "parent_dn": "uni/tn-common/BD-bd_vlan14_10.20.2.0_24_prd_wf",
            "preferred": "no",
            "relation_fv_rs_bd_subnet_to_out": null,
            "relation_fv_rs_bd_subnet_to_profile": "",
            "relation_fv_rs_nd_pfx_pol": "",
            "scope": [
              "private"
            ],
            "virtual": "no"
          },
          "sensitive_attributes": [],
          "private": "eyJzY2hlbWFfdmVyc2lvbiI6IjEifQ==",
          "dependencies": [
            "aci_bridge_domain.bridge_domains",
            "aci_tenant.tenants",
            "aci_vrf.vrfs"
          ]
        }
      ]
    },
    {
      "mode": "managed",
      "type": "aci_tenant",
      "name": "tenants",
      "provider": "provider[\"registry.terraform.io/ciscodevnet/aci\"]",
      "instances": [
        {
          "index_key": "network_centric",
          "schema_version": 1,
          "attributes": {
            "annotation": "orchestrator:terraform",
            "description": "This bridge domain is created by the Terraform ACI provider1",
            "id": "uni/tn-network_centric",
            "name": "network_centric",
            "name_alias": "",
            "relation_fv_rs_tenant_mon_pol": "",
            "relation_fv_rs_tn_deny_rule": null
          },
          "sensitive_attributes": [],
          "private": "eyJzY2hlbWFfdmVyc2lvbiI6IjEifQ=="
        }
      ]
    },
    {
      "mode": "managed",
      "type": "aci_vlan_pool",
      "name": "vlan_pool",
      "provider": "provider[\"registry.terraform.io/ciscodevnet/aci\"]",
      "instances": [
        {
          "index_key": "mark_pool",
          "schema_version": 1,
          "attributes": {
            "alloc_mode": "static",
            "annotation": "orchestrator:terraform",
            "description": "From Terraform",
            "id": "uni/infra/vlanns-[mark_pool]-static",
            "name": "mark_pool",
            "name_alias": ""
          },
          "sensitive_attributes": [],
          "private": "eyJzY2hlbWFfdmVyc2lvbiI6IjEifQ=="
        }
      ]
    },
    {
      "mode": "managed",
      "type": "aci_vrf",
      "name": "vrfs",
      "provider": "provider[\"registry.terraform.io/ciscodevnet/aci\"]",
      "instances": [
        {
          "index_key": "dmz",
          "schema_version": 1,
          "attributes": {
            "annotation": "orchestrator:terraform",
            "bd_enforced_enable": "no",
            "description": "",
            "id": "uni/tn-common/ctx-dmz",
            "ip_data_plane_learning": "enabled",
            "knw_mcast_act": "permit",
            "name": "dmz",
            "name_alias": "",
            "pc_enf_dir": "ingress",
            "pc_enf_pref": "enforced",
            "relation_fv_rs_bgp_ctx_pol": "",
            "relation_fv_rs_ctx_mcast_to": null,
            "relation_fv_rs_ctx_mon_pol": "",
            "relation_fv_rs_ctx_to_bgp_ctx_af_pol": [],
            "relation_fv_rs_ctx_to_eigrp_ctx_af_pol": [],
            "relation_fv_rs_ctx_to_ep_ret": "",
            "relation_fv_rs_ctx_to_ext_route_tag_pol": "",
            "relation_fv_rs_ctx_to_ospf_ctx_pol": [],
            "relation_fv_rs_ospf_ctx_pol": "",
            "relation_fv_rs_vrf_validation_pol": "",
            "tenant_dn": "uni/tn-common"
          },
          "sensitive_attributes": [],
          "private": "eyJzY2hlbWFfdmVyc2lvbiI6IjEifQ==",
          "dependencies": [
            "aci_tenant.tenants"
          ]
        },
        {
          "index_key": "lan",
          "schema_version": 1,
          "attributes": {
            "annotation": "orchestrator:terraform",
            "bd_enforced_enable": "no",
            "description": "",
            "id": "uni/tn-common/ctx-lan",
            "ip_data_plane_learning": "enabled",
            "knw_mcast_act": "permit",
            "name": "lan",
            "name_alias": "",
            "pc_enf_dir": "ingress",
            "pc_enf_pref": "enforced",
            "relation_fv_rs_bgp_ctx_pol": "",
            "relation_fv_rs_ctx_mcast_to": null,
            "relation_fv_rs_ctx_mon_pol": "",
            "relation_fv_rs_ctx_to_bgp_ctx_af_pol": [],
            "relation_fv_rs_ctx_to_eigrp_ctx_af_pol": [],
            "relation_fv_rs_ctx_to_ep_ret": "",
            "relation_fv_rs_ctx_to_ext_route_tag_pol": "",
            "relation_fv_rs_ctx_to_ospf_ctx_pol": [],
            "relation_fv_rs_ospf_ctx_pol": "",
            "relation_fv_rs_vrf_validation_pol": "",
            "tenant_dn": "uni/tn-common"
          },
          "sensitive_attributes": [],
          "private": "eyJzY2hlbWFfdmVyc2lvbiI6IjEifQ==",
          "dependencies": [
            "aci_tenant.tenants"
          ]
        }
      ]
    }
  ],
  "check_results": null
}
